
Microsoft Visual Studio Solution File, Format Version 12.00
# Visual Studio Version 16
VisualStudioVersion = 16.0.29728.190
MinimumVisualStudioVersion = 10.0.40219.1
Project("{9A19103F-16F7-4668-BE54-9A1E7A4F7556}") = "MichalBialecki.com.OData.Search.Web", "MichalBialecki.com.OData.Search.Web\MichalBialecki.com.OData.Search.Web.csproj", "{02C61169-7D1C-4875-B057-3FC7A309BB87}"
EndProject
Project("{9A19103F-16F7-4668-BE54-9A1E7A4F7556}") = "MichalBialecki.com.OData.Search.Data", "MichalBialecki.com.OData.Search.Data\MichalBialecki.com.OData.Search.Data.csproj", "{73A03B80-2BD6-49C7-A4AA-D1E55E78A748}"
EndProject
Global
	GlobalSection(SolutionConfigurationPlatforms) = preSolution
		Debug|Any CPU = Debug|Any CPU
		Release|Any CPU = Release|Any CPU
	EndGlobalSection
	GlobalSection(ProjectConfigurationPlatforms) = postSolution
		{02C61169-7D1C-4875-B057-3FC7A309BB87}.Debug|Any CPU.ActiveCfg = Debug|Any CPU
		{02C61169-7D1C-4875-B057-3FC7A309BB87}.Debug|Any CPU.Build.0 = Debug|Any CPU
		{02C61169-7D1C-4875-B057-3FC7A309BB87}.Release|Any CPU.ActiveCfg = Release|Any CPU
		{02C61169-7D1C-4875-B057-3FC7A309BB87}.Release|Any CPU.Build.0 = Release|Any CPU
		{73A03B80-2BD6-49C7-A4AA-D1E55E78A748}.Debug|Any CPU.ActiveCfg = Debug|Any CPU
		{73A03B80-2BD6-49C7-A4AA-D1E55E78A748}.Debug|Any CPU.Build.0 = Debug|Any CPU
		{73A03B80-2BD6-49C7-A4AA-D1E55E78A748}.Release|Any CPU.ActiveCfg = Release|Any CPU
		{73A03B80-2BD6-49C7-A4AA-D1E55E78A748}.Release|Any CPU.Build.0 = Release|Any CPU
	EndGlobalSection
	GlobalSection(SolutionProperties) = preSolution
		HideSolutionNode = FALSE
	EndGlobalSection
	GlobalSection(ExtensibilityGlobals) = postSolution
		SolutionGuid = {AB24ACD1-8ED5-4986-8975-1590A53626AD}
	EndGlobalSection
EndGlobal
